
Microsoft Visual Studio Solution File, Format Version 12.00
# Visual Studio Version 17
VisualStudioVersion = 17.7.34009.444
MinimumVisualStudioVersion = 10.0.40219.1
Project("{9A19103F-16F7-4668-BE54-9A1E7A4F7556}") = "LibMpv.Client", "src\LibMpv.Client\LibMpv.Client.csproj", "{86E41197-BF90-40FA-9EF8-55F298E0FD14}"
EndProject
Project("{2150E333-8FDC-42A3-9474-1A3956D46DE8}") = "Tools", "Tools", "{86B098E1-5E46-4974-B299-68F643D55801}"
EndProject
Project("{9A19103F-16F7-4668-BE54-9A1E7A4F7556}") = "LibMpv.Generator", "src\Tools\LibMpv.Generator\LibMpv.Generator.csproj", "{736019CE-9993-458F-9285-A2AF940FEF33}"
EndProject
Project("{9A19103F-16F7-4668-BE54-9A1E7A4F7556}") = "CSharpFromC.Generator", "src\Tools\CSharpFromC.Generator\CSharpFromC.Generator.csproj", "{1C4769D2-B1D7-4FD5-8C55-07436E66CC5A}"
EndProject
Project("{9A19103F-16F7-4668-BE54-9A1E7A4F7556}") = "LibMpv.Avalonia", "src\LibMpv.Avalonia\LibMpv.Avalonia.csproj", "{A9326D06-A691-422C-B0C1-271799177908}"
EndProject
Project("{9A19103F-16F7-4668-BE54-9A1E7A4F7556}") = "LibMpv.WPF", "src\LibMpv.WPF\LibMpv.WPF.csproj", "{7AEB307B-BC79-4384-8E89-84EBA6D342FD}"
EndProject
Project("{2150E333-8FDC-42A3-9474-1A3956D46DE8}") = "Samples", "Samples", "{0DCAF50D-7E5A-4C26-8DF2-2350F05B7F94}"
EndProject
Project("{2150E333-8FDC-42A3-9474-1A3956D46DE8}") = "Solution Items", "Solution Items", "{AA539F47-50C7-417E-94F8-A31CD984369E}"
	ProjectSection(SolutionItems) = preProject
		LICENSE.txt = LICENSE.txt
		README.md = README.md
	EndProjectSection
EndProject
Project("{9A19103F-16F7-4668-BE54-9A1E7A4F7556}") = "LibMpv.MVVM", "src\LibMpv.MVVM\LibMpv.MVVM.csproj", "{432AFBCD-0CF3-4876-92C2-67ACBC52E42A}"
EndProject
Project("{2150E333-8FDC-42A3-9474-1A3956D46DE8}") = "Player.Avalonia", "Player.Avalonia", "{1EE0BE82-5681-4570-BB79-6CE484938BA9}"
EndProject
Project("{9A19103F-16F7-4668-BE54-9A1E7A4F7556}") = "Player.Avalonia", "src\Samples\Player.Avalonia\Player.Avalonia\Player.Avalonia.csproj", "{3732C4D6-72ED-4FE0-BFA6-B90AA3529DDA}"
EndProject
Project("{9A19103F-16F7-4668-BE54-9A1E7A4F7556}") = "Player.Avalonia.Android", "src\Samples\Player.Avalonia\Player.Avalonia.Android\Player.Avalonia.Android.csproj", "{F43347BB-2AE5-4E47-B595-33CB71772732}"
EndProject
Project("{9A19103F-16F7-4668-BE54-9A1E7A4F7556}") = "Player.Avalonia.Desktop", "src\Samples\Player.Avalonia\Player.Avalonia.Desktop\Player.Avalonia.Desktop.csproj", "{EBF97BE1-88B4-4299-98CA-17CB9121B712}"
EndProject
Project("{9A19103F-16F7-4668-BE54-9A1E7A4F7556}") = "Player.Avalonia.iOS", "src\Samples\Player.Avalonia\Player.Avalonia.iOS\Player.Avalonia.iOS.csproj", "{992B5209-808E-4761-8F51-2548A8DC8CA1}"
EndProject
Project("{9A19103F-16F7-4668-BE54-9A1E7A4F7556}") = "Player.Avalonia.Desktop.Windows", "src\Samples\Player.Avalonia\Player.Avalonia.Desktop.Windows\Player.Avalonia.Desktop.Windows.csproj", "{404D2AEB-724F-4A62-B5E5-FA47D54085B5}"
EndProject
Project("{2150E333-8FDC-42A3-9474-1A3956D46DE8}") = "IptvPlayer", "IptvPlayer", "{A0FF55E9-FAFA-4665-BA93-DEB4E07AE049}"
EndProject
Project("{9A19103F-16F7-4668-BE54-9A1E7A4F7556}") = "IptvPlayer", "src\Samples\IptvPlayer\IptvPlayer\IptvPlayer.csproj", "{E7237678-0AF3-485A-89FF-E714015A5D06}"
EndProject
Project("{9A19103F-16F7-4668-BE54-9A1E7A4F7556}") = "IptvPlayer.Desktop", "src\Samples\IptvPlayer\IptvPlayer.Desktop\IptvPlayer.Desktop.csproj", "{35F9AB3A-78C3-48CE-A00B-901ECE6EB051}"
EndProject
Project("{FAE04EC0-301F-11D3-BF4B-00C04F79EFBC}") = "IptvPlayer.Core", "src\Samples\IptvPlayer\IptvPlayer.Core\IptvPlayer.Core.csproj", "{F687064F-1619-416F-85C1-D6640918E9E4}"
EndProject
Global
	GlobalSection(SolutionConfigurationPlatforms) = preSolution
		Debug|Any CPU = Debug|Any CPU
		Release|Any CPU = Release|Any CPU
	EndGlobalSection
	GlobalSection(ProjectConfigurationPlatforms) = postSolution
		{86E41197-BF90-40FA-9EF8-55F298E0FD14}.Debug|Any CPU.ActiveCfg = Debug|Any CPU
		{86E41197-BF90-40FA-9EF8-55F298E0FD14}.Debug|Any CPU.Build.0 = Debug|Any CPU
		{86E41197-BF90-40FA-9EF8-55F298E0FD14}.Release|Any CPU.ActiveCfg = Release|Any CPU
		{86E41197-BF90-40FA-9EF8-55F298E0FD14}.Release|Any CPU.Build.0 = Release|Any CPU
		{736019CE-9993-458F-9285-A2AF940FEF33}.Debug|Any CPU.ActiveCfg = Debug|Any CPU
		{736019CE-9993-458F-9285-A2AF940FEF33}.Debug|Any CPU.Build.0 = Debug|Any CPU
		{736019CE-9993-458F-9285-A2AF940FEF33}.Release|Any CPU.ActiveCfg = Release|Any CPU
		{736019CE-9993-458F-9285-A2AF940FEF33}.Release|Any CPU.Build.0 = Release|Any CPU
		{1C4769D2-B1D7-4FD5-8C55-07436E66CC5A}.Debug|Any CPU.ActiveCfg = Debug|Any CPU
		{1C4769D2-B1D7-4FD5-8C55-07436E66CC5A}.Debug|Any CPU.Build.0 = Debug|Any CPU
		{1C4769D2-B1D7-4FD5-8C55-07436E66CC5A}.Release|Any CPU.ActiveCfg = Release|Any CPU
		{1C4769D2-B1D7-4FD5-8C55-07436E66CC5A}.Release|Any CPU.Build.0 = Release|Any CPU
		{A9326D06-A691-422C-B0C1-271799177908}.Debug|Any CPU.ActiveCfg = Debug|Any CPU
		{A9326D06-A691-422C-B0C1-271799177908}.Debug|Any CPU.Build.0 = Debug|Any CPU
		{A9326D06-A691-422C-B0C1-271799177908}.Release|Any CPU.ActiveCfg = Release|Any CPU
		{A9326D06-A691-422C-B0C1-271799177908}.Release|Any CPU.Build.0 = Release|Any CPU
		{7AEB307B-BC79-4384-8E89-84EBA6D342FD}.Debug|Any CPU.ActiveCfg = Debug|Any CPU
		{7AEB307B-BC79-4384-8E89-84EBA6D342FD}.Debug|Any CPU.Build.0 = Debug|Any CPU
		{7AEB307B-BC79-4384-8E89-84EBA6D342FD}.Release|Any CPU.ActiveCfg = Release|Any CPU
		{7AEB307B-BC79-4384-8E89-84EBA6D342FD}.Release|Any CPU.Build.0 = Release|Any CPU
		{432AFBCD-0CF3-4876-92C2-67ACBC52E42A}.Debug|Any CPU.ActiveCfg = Debug|Any CPU
		{432AFBCD-0CF3-4876-92C2-67ACBC52E42A}.Debug|Any CPU.Build.0 = Debug|Any CPU
		{432AFBCD-0CF3-4876-92C2-67ACBC52E42A}.Release|Any CPU.ActiveCfg = Release|Any CPU
		{432AFBCD-0CF3-4876-92C2-67ACBC52E42A}.Release|Any CPU.Build.0 = Release|Any CPU
		{3732C4D6-72ED-4FE0-BFA6-B90AA3529DDA}.Debug|Any CPU.ActiveCfg = Debug|Any CPU
		{3732C4D6-72ED-4FE0-BFA6-B90AA3529DDA}.Debug|Any CPU.Build.0 = Debug|Any CPU
		{3732C4D6-72ED-4FE0-BFA6-B90AA3529DDA}.Release|Any CPU.ActiveCfg = Release|Any CPU
		{3732C4D6-72ED-4FE0-BFA6-B90AA3529DDA}.Release|Any CPU.Build.0 = Release|Any CPU
		{F43347BB-2AE5-4E47-B595-33CB71772732}.Debug|Any CPU.ActiveCfg = Debug|Any CPU
		{F43347BB-2AE5-4E47-B595-33CB71772732}.Debug|Any CPU.Build.0 = Debug|Any CPU
		{F43347BB-2AE5-4E47-B595-33CB71772732}.Debug|Any CPU.Deploy.0 = Debug|Any CPU
		{F43347BB-2AE5-4E47-B595-33CB71772732}.Release|Any CPU.ActiveCfg = Release|Any CPU
		{F43347BB-2AE5-4E47-B595-33CB71772732}.Release|Any CPU.Build.0 = Release|Any CPU
		{F43347BB-2AE5-4E47-B595-33CB71772732}.Release|Any CPU.Deploy.0 = Release|Any CPU
		{EBF97BE1-88B4-4299-98CA-17CB9121B712}.Debug|Any CPU.ActiveCfg = Debug|Any CPU
		{EBF97BE1-88B4-4299-98CA-17CB9121B712}.Debug|Any CPU.Build.0 = Debug|Any CPU
		{EBF97BE1-88B4-4299-98CA-17CB9121B712}.Release|Any CPU.ActiveCfg = Release|Any CPU
		{EBF97BE1-88B4-4299-98CA-17CB9121B712}.Release|Any CPU.Build.0 = Release|Any CPU
		{992B5209-808E-4761-8F51-2548A8DC8CA1}.Debug|Any CPU.ActiveCfg = Debug|Any CPU
		{992B5209-808E-4761-8F51-2548A8DC8CA1}.Debug|Any CPU.Build.0 = Debug|Any CPU
		{992B5209-808E-4761-8F51-2548A8DC8CA1}.Debug|Any CPU.Deploy.0 = Debug|Any CPU
		{992B5209-808E-4761-8F51-2548A8DC8CA1}.Release|Any CPU.ActiveCfg = Release|Any CPU
		{992B5209-808E-4761-8F51-2548A8DC8CA1}.Release|Any CPU.Build.0 = Release|Any CPU
		{992B5209-808E-4761-8F51-2548A8DC8CA1}.Release|Any CPU.Deploy.0 = Release|Any CPU
		{404D2AEB-724F-4A62-B5E5-FA47D54085B5}.Debug|Any CPU.ActiveCfg = Debug|Any CPU
		{404D2AEB-724F-4A62-B5E5-FA47D54085B5}.Debug|Any CPU.Build.0 = Debug|Any CPU
		{404D2AEB-724F-4A62-B5E5-FA47D54085B5}.Release|Any CPU.ActiveCfg = Release|Any CPU
		{404D2AEB-724F-4A62-B5E5-FA47D54085B5}.Release|Any CPU.Build.0 = Release|Any CPU
		{E7237678-0AF3-485A-89FF-E714015A5D06}.Debug|Any CPU.ActiveCfg = Debug|Any CPU
		{E7237678-0AF3-485A-89FF-E714015A5D06}.Debug|Any CPU.Build.0 = Debug|Any CPU
		{E7237678-0AF3-485A-89FF-E714015A5D06}.Release|Any CPU.ActiveCfg = Release|Any CPU
		{E7237678-0AF3-485A-89FF-E714015A5D06}.Release|Any CPU.Build.0 = Release|Any CPU
		{35F9AB3A-78C3-48CE-A00B-901ECE6EB051}.Debug|Any CPU.ActiveCfg = Debug|Any CPU
		{35F9AB3A-78C3-48CE-A00B-901ECE6EB051}.Debug|Any CPU.Build.0 = Debug|Any CPU
		{35F9AB3A-78C3-48CE-A00B-901ECE6EB051}.Release|Any CPU.ActiveCfg = Release|Any CPU
		{35F9AB3A-78C3-48CE-A00B-901ECE6EB051}.Release|Any CPU.Build.0 = Release|Any CPU
		{F687064F-1619-416F-85C1-D6640918E9E4}.Debug|Any CPU.ActiveCfg = Debug|Any CPU
		{F687064F-1619-416F-85C1-D6640918E9E4}.Debug|Any CPU.Build.0 = Debug|Any CPU
		{F687064F-1619-416F-85C1-D6640918E9E4}.Release|Any CPU.ActiveCfg = Release|Any CPU
		{F687064F-1619-416F-85C1-D6640918E9E4}.Release|Any CPU.Build.0 = Release|Any CPU
	EndGlobalSection
	GlobalSection(SolutionProperties) = preSolution
		HideSolutionNode = FALSE
	EndGlobalSection
	GlobalSection(NestedProjects) = preSolution
		{736019CE-9993-458F-9285-A2AF940FEF33} = {86B098E1-5E46-4974-B299-68F643D55801}
		{1C4769D2-B1D7-4FD5-8C55-07436E66CC5A} = {86B098E1-5E46-4974-B299-68F643D55801}
		{1EE0BE82-5681-4570-BB79-6CE484938BA9} = {0DCAF50D-7E5A-4C26-8DF2-2350F05B7F94}
		{3732C4D6-72ED-4FE0-BFA6-B90AA3529DDA} = {1EE0BE82-5681-4570-BB79-6CE484938BA9}
		{F43347BB-2AE5-4E47-B595-33CB71772732} = {1EE0BE82-5681-4570-BB79-6CE484938BA9}
		{EBF97BE1-88B4-4299-98CA-17CB9121B712} = {1EE0BE82-5681-4570-BB79-6CE484938BA9}
		{992B5209-808E-4761-8F51-2548A8DC8CA1} = {1EE0BE82-5681-4570-BB79-6CE484938BA9}
		{404D2AEB-724F-4A62-B5E5-FA47D54085B5} = {1EE0BE82-5681-4570-BB79-6CE484938BA9}
		{A0FF55E9-FAFA-4665-BA93-DEB4E07AE049} = {0DCAF50D-7E5A-4C26-8DF2-2350F05B7F94}
		{E7237678-0AF3-485A-89FF-E714015A5D06} = {A0FF55E9-FAFA-4665-BA93-DEB4E07AE049}
		{35F9AB3A-78C3-48CE-A00B-901ECE6EB051} = {A0FF55E9-FAFA-4665-BA93-DEB4E07AE049}
		{F687064F-1619-416F-85C1-D6640918E9E4} = {A0FF55E9-FAFA-4665-BA93-DEB4E07AE049}
	EndGlobalSection
	GlobalSection(ExtensibilityGlobals) = postSolution
		SolutionGuid = {7E50C836-5446-4AE4-B009-C7A6222CD2C9}
	EndGlobalSection
EndGlobal
